// !$*UTF8*$!
{
	archiveVersion = 1;
	classes = {
	};
	objectVersion = 56;
	objects = {

/* Begin PBXBuildFile section */
		DD9515A12B68B2AD00B5D393 /* main.c in Sources */ = {isa = PBXBuildFile; fileRef = DD9515A02B68B2AD00B5D393 /* main.c */; };
		DD9FC10E2B9404C10004B8CA /* s21_math.c in Sources */ = {isa = PBXBuildFile; fileRef = DD9FC10D2B9404C10004B8CA /* s21_math.c */; };
		DD9FC1102B9405BE0004B8CA /* Makefile in Sources */ = {isa = PBXBuildFile; fileRef = DD9FC10F2B9405BE0004B8CA /* Makefile */; };
		DD9FC1122B9407820004B8CA /* math_test.c in Sources */ = {isa = PBXBuildFile; fileRef = DD9FC1112B9407820004B8CA /* math_test.c */; };
/* End PBXBuildFile section */

/* Begin PBXCopyFilesBuildPhase section */
		DD95159B2B68B2AD00B5D393 /* CopyFiles */ = {
			isa = PBXCopyFilesBuildPhase;
			buildActionMask = 2147483647;
			dstPath = /usr/share/man/man1/;
			dstSubfolderSpec = 0;
			files = (
			);
			runOnlyForDeploymentPostprocessing = 1;
		};
/* End PBXCopyFilesBuildPhase section */

/* Begin PBXFileReference section */
		DD95159D2B68B2AD00B5D393 /* s21_math */ = {isa = PBXFileReference; explicitFileType = "compiled.mach-o.executable"; includeInIndex = 0; path = s21_math; sourceTree = BUILT_PRODUCTS_DIR; };
		DD9515A02B68B2AD00B5D393 /* main.c */ = {isa = PBXFileReference; lastKnownFileType = sourcecode.c.c; path = main.c; sourceTree = "<group>"; };
		DD9FC10C2B9404A80004B8CA /* s21_math.h */ = {isa = PBXFileReference; lastKnownFileType = sourcecode.c.h; path = s21_math.h; sourceTree = "<group>"; };
		DD9FC10D2B9404C10004B8CA /* s21_math.c */ = {isa = PBXFileReference; lastKnownFileType = sourcecode.c.c; path = s21_math.c; sourceTree = "<group>"; };
		DD9FC10F2B9405BE0004B8CA /* Makefile */ = {isa = PBXFileReference; fileEncoding = 4; lastKnownFileType = sourcecode.make; path = Makefile; sourceTree = "<group>"; };
		DD9FC1112B9407820004B8CA /* math_test.c */ = {isa = PBXFileReference; lastKnownFileType = sourcecode.c.c; path = math_test.c; sourceTree = "<group>"; };
/* End PBXFileReference section */

/* Begin PBXFrameworksBuildPhase section */
		DD95159A2B68B2AD00B5D393 /* Frameworks */ = {
			isa = PBXFrameworksBuildPhase;
			buildActionMask = 2147483647;
			files = (
			);
			runOnlyForDeploymentPostprocessing = 0;
		};
/* End PBXFrameworksBuildPhase section */

/* Begin PBXGroup section */
		DD9515942B68B2AD00B5D393 = {
			isa = PBXGroup;
			children = (
				DD95159F2B68B2AD00B5D393 /* s21_math */,
				DD95159E2B68B2AD00B5D393 /* Products */,
			);
			sourceTree = "<group>";
		};
		DD95159E2B68B2AD00B5D393 /* Products */ = {
			isa = PBXGroup;
			children = (
				DD95159D2B68B2AD00B5D393 /* s21_math */,
			);
			name = Products;
			sourceTree = "<group>";
		};
		DD95159F2B68B2AD00B5D393 /* s21_math */ = {
			isa = PBXGroup;
			children = (
				DD9515A02B68B2AD00B5D393 /* main.c */,
				DD9FC10C2B9404A80004B8CA /* s21_math.h */,
				DD9FC10D2B9404C10004B8CA /* s21_math.c */,
				DD9FC10F2B9405BE0004B8CA /* Makefile */,
				DD9FC1112B9407820004B8CA /* math_test.c */,
			);
			path = s21_math;
			sourceTree = "<group>";
		};
/* End PBXGroup section */

/* Begin PBXNativeTarget section */
		DD95159C2B68B2AD00B5D393 /* s21_math */ = {
			isa = PBXNativeTarget;
			buildConfigurationList = DD9515A42B68B2AD00B5D393 /* Build configuration list for PBXNativeTarget "s21_math" */;
			buildPhases = (
				DD9515992B68B2AD00B5D393 /* Sources */,
				DD95159A2B68B2AD00B5D393 /* Frameworks */,
				DD95159B2B68B2AD00B5D393 /* CopyFiles */,
			);
			buildRules = (
			);
			dependencies = (
			);
			name = s21_math;
			productName = s21_math;
			productReference = DD95159D2B68B2AD00B5D393 /* s21_math */;
			productType = "com.apple.product-type.tool";
		};
/* End PBXNativeTarget section */

/* Begin PBXProject section */
		DD9515952B68B2AD00B5D393 /* Project object */ = {
			isa = PBXProject;
			attributes = {
				BuildIndependentTargetsInParallel = 1;
				LastUpgradeCheck = 1420;
				TargetAttributes = {
					DD95159C2B68B2AD00B5D393 = {
						CreatedOnToolsVersion = 14.2;
					};
				};
			};
			buildConfigurationList = DD9515982B68B2AD00B5D393 /* Build configuration list for PBXProject "s21_math" */;
			compatibilityVersion = "Xcode 14.0";
			developmentRegion = en;
			hasScannedForEncodings = 0;
			knownRegions = (
				en,
				Base,
			);
			mainGroup = DD9515942B68B2AD00B5D393;
			productRefGroup = DD95159E2B68B2AD00B5D393 /* Products */;
			projectDirPath = "";
			projectRoot = "";
			targets = (
				DD95159C2B68B2AD00B5D393 /* s21_math */,
			);
		};
/* End PBXProject section */

/* Begin PBXSourcesBuildPhase section */
		DD9515992B68B2AD00B5D393 /* Sources */ = {
			isa = PBXSourcesBuildPhase;
			buildActionMask = 2147483647;
			files = (
				DD9FC1102B9405BE0004B8CA /* Makefile in Sources */,
				DD9FC1122B9407820004B8CA /* math_test.c in Sources */,
				DD9FC10E2B9404C10004B8CA /* s21_math.c in Sources */,
				DD9515A12B68B2AD00B5D393 /* main.c in Sources */,
			);
			runOnlyForDeploymentPostprocessing = 0;
		};
/* End PBXSourcesBuildPhase section */

/* Begin XCBuildConfiguration section */
		DD9515A22B68B2AD00B5D393 /* Debug */ = {
			isa = XCBuildConfiguration;
			buildSettings = {
				ALWAYS_SEARCH_USER_PATHS = NO;
				CLANG_ANALYZER_NONNULL = YES;
				CLANG_ANALYZER_NUMBER_OBJECT_CONVERSION = YES_AGGRESSIVE;
				CLANG_CXX_LANGUAGE_STANDARD = "gnu++20";
				CLANG_ENABLE_MODULES = YES;
				CLANG_ENABLE_OBJC_ARC = YES;
				CLANG_ENABLE_OBJC_WEAK = YES;
				CLANG_WARN_BLOCK_CAPTURE_AUTORELEASING = YES;
				CLANG_WARN_BOOL_CONVERSION = YES;
				CLANG_WARN_COMMA = YES;
				CLANG_WARN_CONSTANT_CONVERSION = YES;
				CLANG_WARN_DEPRECATED_OBJC_IMPLEMENTATIONS = YES;
				CLANG_WARN_DIRECT_OBJC_ISA_USAGE = YES_ERROR;
				CLANG_WARN_DOCUMENTATION_COMMENTS = YES;
				CLANG_WARN_EMPTY_BODY = YES;
				CLANG_WARN_ENUM_CONVERSION = YES;
				CLANG_WARN_INFINITE_RECURSION = YES;
				CLANG_WARN_INT_CONVERSION = YES;
				CLANG_WARN_NON_LITERAL_NULL_CONVERSION = YES;
				CLANG_WARN_OBJC_IMPLICIT_RETAIN_SELF = YES;
				CLANG_WARN_OBJC_LITERAL_CONVERSION = YES;
				CLANG_WARN_OBJC_ROOT_CLASS = YES_ERROR;
				CLANG_WARN_QUOTED_INCLUDE_IN_FRAMEWORK_HEADER = YES;
				CLANG_WARN_RANGE_LOOP_ANALYSIS = YES;
				CLANG_WARN_STRICT_PROTOTYPES = YES;
				CLANG_WARN_SUSPICIOUS_MOVE = YES;
				CLANG_WARN_UNGUARDED_AVAILABILITY = YES_AGGRESSIVE;
				CLANG_WARN_UNREACHABLE_CODE = YES;
				CLANG_WARN__DUPLICATE_METHOD_MATCH = YES;
				COPY_PHASE_STRIP = NO;
				DEBUG_INFORMATION_FORMAT = dwarf;
				ENABLE_STRICT_OBJC_MSGSEND = YES;
				ENABLE_TESTABILITY = YES;
				GCC_C_LANGUAGE_STANDARD = gnu11;
				GCC_DYNAMIC_NO_PIC = NO;
				GCC_NO_COMMON_BLOCKS = YES;
				GCC_OPTIMIZATION_LEVEL = 0;
				GCC_PREPROCESSOR_DEFINITIONS = (
					"DEBUG=1",
					"$(inherited)",
				);
				GCC_WARN_64_TO_32_BIT_CONVERSION = YES;
				GCC_WARN_ABOUT_RETURN_TYPE = YES_ERROR;
				GCC_WARN_UNDECLARED_SELECTOR = YES;
				GCC_WARN_UNINITIALIZED_AUTOS = YES_AGGRESSIVE;
				GCC_WARN_UNUSED_FUNCTION = YES;
				GCC_WARN_UNUSED_VARIABLE = YES;
				MACOSX_DEPLOYMENT_TARGET = 12.6;
				MTL_ENABLE_DEBUG_INFO = INCLUDE_SOURCE;
				MTL_FAST_MATH = YES;
				ONLY_ACTIVE_ARCH = YES;
				SDKROOT = macosx;
			};
			name = Debug;
		};
		DD9515A32B68B2AD00B5D393 /* Release */ = {
			isa = XCBuildConfiguration;
			buildSettings = {
				ALWAYS_SEARCH_USER_PATHS = NO;
				CLANG_ANALYZER_NONNULL = YES;
				CLANG_ANALYZER_NUMBER_OBJECT_CONVERSION = YES_AGGRESSIVE;
				CLANG_CXX_LANGUAGE_STANDARD = "gnu++20";
				CLANG_ENABLE_MODULES = YES;
				CLANG_ENABLE_OBJC_ARC = YES;
				CLANG_ENABLE_OBJC_WEAK = YES;
				CLANG_WARN_BLOCK_CAPTURE_AUTORELEASING = YES;
				CLANG_WARN_BOOL_CONVERSION = YES;
				CLANG_WARN_COMMA = YES;
				CLANG_WARN_CONSTANT_CONVERSION = YES;
				CLANG_WARN_DEPRECATED_OBJC_IMPLEMENTATIONS = YES;
				CLANG_WARN_DIRECT_OBJC_ISA_USAGE = YES_ERROR;
				CLANG_WARN_DOCUMENTATION_COMMENTS = YES;
				CLANG_WARN_EMPTY_BODY = YES;
				CLANG_WARN_ENUM_CONVERSION = YES;
				CLANG_WARN_INFINITE_RECURSION = YES;
				CLANG_WARN_INT_CONVERSION = YES;
				CLANG_WARN_NON_LITERAL_NULL_CONVERSION = YES;
				CLANG_WARN_OBJC_IMPLICIT_RETAIN_SELF = YES;
				CLANG_WARN_OBJC_LITERAL_CONVERSION = YES;
				CLANG_WARN_OBJC_ROOT_CLASS = YES_ERROR;
				CLANG_WARN_QUOTED_INCLUDE_IN_FRAMEWORK_HEADER = YES;
				CLANG_WARN_RANGE_LOOP_ANALYSIS = YES;
				CLANG_WARN_STRICT_PROTOTYPES = YES;
				CLANG_WARN_SUSPICIOUS_MOVE = YES;
				CLANG_WARN_UNGUARDED_AVAILABILITY = YES_AGGRESSIVE;
				CLANG_WARN_UNREACHABLE_CODE = YES;
				CLANG_WARN__DUPLICATE_METHOD_MATCH = YES;
				COPY_PHASE_STRIP = NO;
				DEBUG_INFORMATION_FORMAT = "dwarf-with-dsym";
				ENABLE_NS_ASSERTIONS = NO;
				ENABLE_STRICT_OBJC_MSGSEND = YES;
				GCC_C_LANGUAGE_STANDARD = gnu11;
				GCC_NO_COMMON_BLOCKS = YES;
				GCC_WARN_64_TO_32_BIT_CONVERSION = YES;
				GCC_WARN_ABOUT_RETURN_TYPE = YES_ERROR;
				GCC_WARN_UNDECLARED_SELECTOR = YES;
				GCC_WARN_UNINITIALIZED_AUTOS = YES_AGGRESSIVE;
				GCC_WARN_UNUSED_FUNCTION = YES;
				GCC_WARN_UNUSED_VARIABLE = YES;
				MACOSX_DEPLOYMENT_TARGET = 12.6;
				MTL_ENABLE_DEBUG_INFO = NO;
				MTL_FAST_MATH = YES;
				SDKROOT = macosx;
			};
			name = Release;
		};
		DD9515A52B68B2AD00B5D393 /* Debug */ = {
			isa = XCBuildConfiguration;
			buildSettings = {
				CODE_SIGN_STYLE = Automatic;
				DEVELOPMENT_TEAM = 7YW3V66545;
				ENABLE_HARDENED_RUNTIME = YES;
				PRODUCT_NAME = "$(TARGET_NAME)";
			};
			name = Debug;
		};
		DD9515A62B68B2AD00B5D393 /* Release */ = {
			isa = XCBuildConfiguration;
			buildSettings = {
				CODE_SIGN_STYLE = Automatic;
				DEVELOPMENT_TEAM = 7YW3V66545;
				ENABLE_HARDENED_RUNTIME = YES;
				PRODUCT_NAME = "$(TARGET_NAME)";
			};
			name = Release;
		};
/* End XCBuildConfiguration section */

/* Begin XCConfigurationList section */
		DD9515982B68B2AD00B5D393 /* Build configuration list for PBXProject "s21_math" */ = {
			isa = XCConfigurationList;
			buildConfigurations = (
				DD9515A22B68B2AD00B5D393 /* Debug */,
				DD9515A32B68B2AD00B5D393 /* Release */,
			);
			defaultConfigurationIsVisible = 0;
			defaultConfigurationName = Release;
		};
		DD9515A42B68B2AD00B5D393 /* Build configuration list for PBXNativeTarget "s21_math" */ = {
			isa = XCConfigurationList;
			buildConfigurations = (
				DD9515A52B68B2AD00B5D393 /* Debug */,
				DD9515A62B68B2AD00B5D393 /* Release */,
			);
			defaultConfigurationIsVisible = 0;
			defaultConfigurationName = Release;
		};
/* End XCConfigurationList section */
	};
	rootObject = DD9515952B68B2AD00B5D393 /* Project object */;
}
